
Microsoft Visual Studio Solution File, Format Version 12.00
# Visual Studio 14
VisualStudioVersion = 14.0.25123.0
MinimumVisualStudioVersion = 10.0.40219.1
Project("{FAE04EC0-301F-11D3-BF4B-00C04F79EFBC}") = "CleanNotes", "CleanNotes\CleanNotes.csproj", "{C6DE28C5-8952-4D6A-B5E4-4FEEDE414F1A}"
EndProject
Project("{FAE04EC0-301F-11D3-BF4B-00C04F79EFBC}") = "Core", "Client\Core.csproj", "{A979CC8A-C70C-485B-AAC5-0B2E97423A0E}"
EndProject
Project("{FAE04EC0-301F-11D3-BF4B-00C04F79EFBC}") = "DBAccess", "DBAccess\DBAccess.csproj", "{A6817864-60D0-49DB-A6A0-5D6032FCA66E}"
EndProject
Project("{FAE04EC0-301F-11D3-BF4B-00C04F79EFBC}") = "CleanNotesReact", "CleanNotesReact\CleanNotesReact.csproj", "{4BBF63CD-59B5-44DE-9A56-6C70C0FE5BE2}"
EndProject
Global
	GlobalSection(SolutionConfigurationPlatforms) = preSolution
		Debug|Any CPU = Debug|Any CPU
		Release|Any CPU = Release|Any CPU
	EndGlobalSection
	GlobalSection(ProjectConfigurationPlatforms) = postSolution
		{C6DE28C5-8952-4D6A-B5E4-4FEEDE414F1A}.Debug|Any CPU.ActiveCfg = Debug|Any CPU
		{C6DE28C5-8952-4D6A-B5E4-4FEEDE414F1A}.Debug|Any CPU.Build.0 = Debug|Any CPU
		{C6DE28C5-8952-4D6A-B5E4-4FEEDE414F1A}.Release|Any CPU.ActiveCfg = Release|Any CPU
		{C6DE28C5-8952-4D6A-B5E4-4FEEDE414F1A}.Release|Any CPU.Build.0 = Release|Any CPU
		{A979CC8A-C70C-485B-AAC5-0B2E97423A0E}.Debug|Any CPU.ActiveCfg = Debug|Any CPU
		{A979CC8A-C70C-485B-AAC5-0B2E97423A0E}.Debug|Any CPU.Build.0 = Debug|Any CPU
		{A979CC8A-C70C-485B-AAC5-0B2E97423A0E}.Release|Any CPU.ActiveCfg = Release|Any CPU
		{A979CC8A-C70C-485B-AAC5-0B2E97423A0E}.Release|Any CPU.Build.0 = Release|Any CPU
		{A6817864-60D0-49DB-A6A0-5D6032FCA66E}.Debug|Any CPU.ActiveCfg = Debug|Any CPU
		{A6817864-60D0-49DB-A6A0-5D6032FCA66E}.Debug|Any CPU.Build.0 = Debug|Any CPU
		{A6817864-60D0-49DB-A6A0-5D6032FCA66E}.Release|Any CPU.ActiveCfg = Release|Any CPU
		{A6817864-60D0-49DB-A6A0-5D6032FCA66E}.Release|Any CPU.Build.0 = Release|Any CPU
		{4BBF63CD-59B5-44DE-9A56-6C70C0FE5BE2}.Debug|Any CPU.ActiveCfg = Debug|Any CPU
		{4BBF63CD-59B5-44DE-9A56-6C70C0FE5BE2}.Debug|Any CPU.Build.0 = Debug|Any CPU
		{4BBF63CD-59B5-44DE-9A56-6C70C0FE5BE2}.Release|Any CPU.ActiveCfg = Release|Any CPU
		{4BBF63CD-59B5-44DE-9A56-6C70C0FE5BE2}.Release|Any CPU.Build.0 = Release|Any CPU
	EndGlobalSection
	GlobalSection(SolutionProperties) = preSolution
		HideSolutionNode = FALSE
	EndGlobalSection
EndGlobal
